
Microsoft Visual Studio Solution File, Format Version 12.00
# Visual Studio Version 16
VisualStudioVersion = 16.0.31702.278
MinimumVisualStudioVersion = 10.0.40219.1
Project("{FAE04EC0-301F-11D3-BF4B-00C04F79EFBC}") = "ConsoleApp3", "ConsoleApp3.csproj", "{91C3F56D-570C-46AD-A11D-16302847C174}"
EndProject
Global
	GlobalSection(SolutionConfigurationPlatforms) = preSolution
		Debug|Any CPU = Debug|Any CPU
		Release|Any CPU = Release|Any CPU
	EndGlobalSection
	GlobalSection(ProjectConfigurationPlatforms) = postSolution
		{91C3F56D-570C-46AD-A11D-16302847C174}.Debug|Any CPU.ActiveCfg = Debug|Any CPU
		{91C3F56D-570C-46AD-A11D-16302847C174}.Debug|Any CPU.Build.0 = Debug|Any CPU
		{91C3F56D-570C-46AD-A11D-16302847C174}.Release|Any CPU.ActiveCfg = Release|Any CPU
		{91C3F56D-570C-46AD-A11D-16302847C174}.Release|Any CPU.Build.0 = Release|Any CPU
	EndGlobalSection
	GlobalSection(SolutionProperties) = preSolution
		HideSolutionNode = FALSE
	EndGlobalSection
	GlobalSection(ExtensibilityGlobals) = postSolution
		SolutionGuid = {0BBCB67F-E66F-4252-8146-F48805860F86}
	EndGlobalSection
EndGlobal
